// !$*UTF8*$!
{
	archiveVersion = 1;
	classes = {
	};
	objectVersion = 52;
	objects = {

/* Begin PBXBuildFile section */
		B2150A0226CA326500080F13 /* BrowseVC.swift in Sources */ = {isa = PBXBuildFile; fileRef = B2150A0126CA326500080F13 /* BrowseVC.swift */; };
		B2150A0626CA32F100080F13 /* Browse.storyboard in Resources */ = {isa = PBXBuildFile; fileRef = B2150A0526CA32F100080F13 /* Browse.storyboard */; };
		B2150A0A26CA330900080F13 /* Search.storyboard in Resources */ = {isa = PBXBuildFile; fileRef = B2150A0826CA330900080F13 /* Search.storyboard */; };
		B2662AC226CC3F0F0016F155 /* BrowesHeaderHorizontalController.swift in Sources */ = {isa = PBXBuildFile; fileRef = B2662AC126CC3F0F0016F155 /* BrowesHeaderHorizontalController.swift */; };
		B2662ACE26CC3F7D0016F155 /* BrowseHeaderHorizontalCell.swift in Sources */ = {isa = PBXBuildFile; fileRef = B2662ACC26CC3F7D0016F155 /* BrowseHeaderHorizontalCell.swift */; };
		B2662ACF26CC3F7D0016F155 /* BrowseHeaderHorizontalCell.xib in Resources */ = {isa = PBXBuildFile; fileRef = B2662ACD26CC3F7D0016F155 /* BrowseHeaderHorizontalCell.xib */; };
		B2662AD426CC4A660016F155 /* File.swift in Sources */ = {isa = PBXBuildFile; fileRef = B2662AD326CC4A660016F155 /* File.swift */; };
		B2662AD826CC84260016F155 /* BetterSnappingLayout.swift in Sources */ = {isa = PBXBuildFile; fileRef = B2662AD726CC84260016F155 /* BetterSnappingLayout.swift */; };
		B2662ADE26CC89040016F155 /* BrowseCell.swift in Sources */ = {isa = PBXBuildFile; fileRef = B2662ADC26CC89040016F155 /* BrowseCell.swift */; };
		B2662ADF26CC89040016F155 /* BrowseCell.xib in Resources */ = {isa = PBXBuildFile; fileRef = B2662ADD26CC89040016F155 /* BrowseCell.xib */; };
		B2662AE426CC89AD0016F155 /* BrowseFooterCollectionView.swift in Sources */ = {isa = PBXBuildFile; fileRef = B2662AE326CC89AD0016F155 /* BrowseFooterCollectionView.swift */; };
		B2662AE926CC89FA0016F155 /* BrowseFooterCell.swift in Sources */ = {isa = PBXBuildFile; fileRef = B2662AE726CC89FA0016F155 /* BrowseFooterCell.swift */; };
		B2662AEA26CC89FA0016F155 /* BrowseFooterCell.xib in Resources */ = {isa = PBXBuildFile; fileRef = B2662AE826CC89FA0016F155 /* BrowseFooterCell.xib */; };
		B2C9751326CA24D200C2648B /* AppDelegate.swift in Sources */ = {isa = PBXBuildFile; fileRef = B2C9751226CA24D200C2648B /* AppDelegate.swift */; };
		B2C9751726CA24D200C2648B /* SearchVC.swift in Sources */ = {isa = PBXBuildFile; fileRef = B2C9751626CA24D200C2648B /* SearchVC.swift */; };
		B2C9751A26CA24D200C2648B /* Main.storyboard in Resources */ = {isa = PBXBuildFile; fileRef = B2C9751826CA24D200C2648B /* Main.storyboard */; };
		B2C9751C26CA24D300C2648B /* Assets.xcassets in Resources */ = {isa = PBXBuildFile; fileRef = B2C9751B26CA24D300C2648B /* Assets.xcassets */; };
		B2C9751F26CA24D300C2648B /* LaunchScreen.storyboard in Resources */ = {isa = PBXBuildFile; fileRef = B2C9751D26CA24D300C2648B /* LaunchScreen.storyboard */; };
		B2C9752A26CA255200C2648B /* Alamofire in Frameworks */ = {isa = PBXBuildFile; productRef = B2C9752926CA255200C2648B /* Alamofire */; };
		B2C9752E26CA259B00C2648B /* SDWebImage in Frameworks */ = {isa = PBXBuildFile; productRef = B2C9752D26CA259B00C2648B /* SDWebImage */; };
		B2C9753226CA25DE00C2648B /* IQKeyboardManagerSwift in Frameworks */ = {isa = PBXBuildFile; productRef = B2C9753126CA25DE00C2648B /* IQKeyboardManagerSwift */; };
		B2C9753626CA260300C2648B /* Toast in Frameworks */ = {isa = PBXBuildFile; productRef = B2C9753526CA260300C2648B /* Toast */; };
		B2C9754726CA275800C2648B /* UIView.swift in Sources */ = {isa = PBXBuildFile; fileRef = B2C9754226CA275800C2648B /* UIView.swift */; };
		B2C9754D26CA27A900C2648B /* ResoneError.swift in Sources */ = {isa = PBXBuildFile; fileRef = B2C9754C26CA27A900C2648B /* ResoneError.swift */; };
		B2C9755326CA27DF00C2648B /* Constant.swift in Sources */ = {isa = PBXBuildFile; fileRef = B2C9755226CA27DF00C2648B /* Constant.swift */; };
		B2C9755826CA28AF00C2648B /* Helper+Ext.swift in Sources */ = {isa = PBXBuildFile; fileRef = B2C9755726CA28AF00C2648B /* Helper+Ext.swift */; };
		B2C9755C26CA28BE00C2648B /* NetworkManger.swift in Sources */ = {isa = PBXBuildFile; fileRef = B2C9755B26CA28BE00C2648B /* NetworkManger.swift */; };
		B2D5278626CB80FC003DC0DD /* BrowseReusableView.swift in Sources */ = {isa = PBXBuildFile; fileRef = B2D5278426CB80FC003DC0DD /* BrowseReusableView.swift */; };
		B2D5278726CB80FC003DC0DD /* BrowseReusableView.xib in Resources */ = {isa = PBXBuildFile; fileRef = B2D5278526CB80FC003DC0DD /* BrowseReusableView.xib */; };
		B2EC7E2E26CE1B7300A89715 /* DetailsCell.swift in Sources */ = {isa = PBXBuildFile; fileRef = B2EC7E2C26CE1B7300A89715 /* DetailsCell.swift */; };
		B2EC7E2F26CE1B7300A89715 /* DetailsCell.xib in Resources */ = {isa = PBXBuildFile; fileRef = B2EC7E2D26CE1B7300A89715 /* DetailsCell.xib */; };
		B2EC7E3326CE1CE500A89715 /* DetailsTableView.swift in Sources */ = {isa = PBXBuildFile; fileRef = B2EC7E3226CE1CE500A89715 /* DetailsTableView.swift */; };
		B2EC7E3626CE1CF300A89715 /* Details.storyboard in Resources */ = {isa = PBXBuildFile; fileRef = B2EC7E3526CE1CF300A89715 /* Details.storyboard */; };
/* End PBXBuildFile section */

/* Begin PBXFileReference section */
		B2150A0126CA326500080F13 /* BrowseVC.swift */ = {isa = PBXFileReference; lastKnownFileType = sourcecode.swift; path = BrowseVC.swift; sourceTree = "<group>"; };
		B2150A0526CA32F100080F13 /* Browse.storyboard */ = {isa = PBXFileReference; fileEncoding = 4; lastKnownFileType = file.storyboard; path = Browse.storyboard; sourceTree = "<group>"; };
		B2150A0926CA330900080F13 /* Base */ = {isa = PBXFileReference; lastKnownFileType = file.storyboard; name = Base; path = "Apple Music/StoryBoard/Base.lproj/Search.storyboard"; sourceTree = "<group>"; };
		B2662AC126CC3F0F0016F155 /* BrowesHeaderHorizontalController.swift */ = {isa = PBXFileReference; lastKnownFileType = sourcecode.swift; path = BrowesHeaderHorizontalController.swift; sourceTree = "<group>"; };
		B2662ACC26CC3F7D0016F155 /* BrowseHeaderHorizontalCell.swift */ = {isa = PBXFileReference; lastKnownFileType = sourcecode.swift; path = BrowseHeaderHorizontalCell.swift; sourceTree = "<group>"; };
		B2662ACD26CC3F7D0016F155 /* BrowseHeaderHorizontalCell.xib */ = {isa = PBXFileReference; lastKnownFileType = file.xib; path = BrowseHeaderHorizontalCell.xib; sourceTree = "<group>"; };
		B2662AD326CC4A660016F155 /* File.swift */ = {isa = PBXFileReference; lastKnownFileType = sourcecode.swift; path = File.swift; sourceTree = "<group>"; };
		B2662AD726CC84260016F155 /* BetterSnappingLayout.swift */ = {isa = PBXFileReference; lastKnownFileType = sourcecode.swift; name = BetterSnappingLayout.swift; path = BrowseCell/Header/BetterSnappingLayout.swift; sourceTree = "<group>"; };
		B2662ADC26CC89040016F155 /* BrowseCell.swift */ = {isa = PBXFileReference; lastKnownFileType = sourcecode.swift; path = BrowseCell.swift; sourceTree = "<group>"; };
		B2662ADD26CC89040016F155 /* BrowseCell.xib */ = {isa = PBXFileReference; lastKnownFileType = file.xib; path = BrowseCell.xib; sourceTree = "<group>"; };
		B2662AE326CC89AD0016F155 /* BrowseFooterCollectionView.swift */ = {isa = PBXFileReference; lastKnownFileType = sourcecode.swift; path = BrowseFooterCollectionView.swift; sourceTree = "<group>"; };
		B2662AE726CC89FA0016F155 /* BrowseFooterCell.swift */ = {isa = PBXFileReference; lastKnownFileType = sourcecode.swift; path = BrowseFooterCell.swift; sourceTree = "<group>"; };
		B2662AE826CC89FA0016F155 /* BrowseFooterCell.xib */ = {isa = PBXFileReference; lastKnownFileType = file.xib; path = BrowseFooterCell.xib; sourceTree = "<group>"; };
		B2C9750F26CA24D200C2648B /* Apple Music.app */ = {isa = PBXFileReference; explicitFileType = wrapper.application; includeInIndex = 0; path = "Apple Music.app"; sourceTree = BUILT_PRODUCTS_DIR; };
		B2C9751226CA24D200C2648B /* AppDelegate.swift */ = {isa = PBXFileReference; lastKnownFileType = sourcecode.swift; path = AppDelegate.swift; sourceTree = "<group>"; };
		B2C9751626CA24D200C2648B /* SearchVC.swift */ = {isa = PBXFileReference; lastKnownFileType = sourcecode.swift; path = SearchVC.swift; sourceTree = "<group>"; };
		B2C9751926CA24D200C2648B /* Base */ = {isa = PBXFileReference; lastKnownFileType = file.storyboard; name = Base; path = Base.lproj/Main.storyboard; sourceTree = "<group>"; };
		B2C9751B26CA24D300C2648B /* Assets.xcassets */ = {isa = PBXFileReference; lastKnownFileType = folder.assetcatalog; path = Assets.xcassets; sourceTree = "<group>"; };
		B2C9751E26CA24D300C2648B /* Base */ = {isa = PBXFileReference; lastKnownFileType = file.storyboard; name = Base; path = Base.lproj/LaunchScreen.storyboard; sourceTree = "<group>"; };
		B2C9752026CA24D300C2648B /* Info.plist */ = {isa = PBXFileReference; lastKnownFileType = text.plist.xml; path = Info.plist; sourceTree = "<group>"; };
		B2C9754226CA275800C2648B /* UIView.swift */ = {isa = PBXFileReference; fileEncoding = 4; lastKnownFileType = sourcecode.swift; path = UIView.swift; sourceTree = "<group>"; };
		B2C9754C26CA27A900C2648B /* ResoneError.swift */ = {isa = PBXFileReference; fileEncoding = 4; lastKnownFileType = sourcecode.swift; path = ResoneError.swift; sourceTree = "<group>"; };
		B2C9755226CA27DF00C2648B /* Constant.swift */ = {isa = PBXFileReference; fileEncoding = 4; lastKnownFileType = sourcecode.swift; path = Constant.swift; sourceTree = "<group>"; };
		B2C9755726CA28AF00C2648B /* Helper+Ext.swift */ = {isa = PBXFileReference; fileEncoding = 4; lastKnownFileType = sourcecode.swift; path = "Helper+Ext.swift"; sourceTree = "<group>"; };
		B2C9755B26CA28BE00C2648B /* NetworkManger.swift */ = {isa = PBXFileReference; fileEncoding = 4; lastKnownFileType = sourcecode.swift; path = NetworkManger.swift; sourceTree = "<group>"; };
		B2D5278426CB80FC003DC0DD /* BrowseReusableView.swift */ = {isa = PBXFileReference; lastKnownFileType = sourcecode.swift; path = BrowseReusableView.swift; sourceTree = "<group>"; };
		B2D5278526CB80FC003DC0DD /* BrowseReusableView.xib */ = {isa = PBXFileReference; lastKnownFileType = file.xib; path = BrowseReusableView.xib; sourceTree = "<group>"; };
		B2EC7E2C26CE1B7300A89715 /* DetailsCell.swift */ = {isa = PBXFileReference; lastKnownFileType = sourcecode.swift; path = DetailsCell.swift; sourceTree = "<group>"; };
		B2EC7E2D26CE1B7300A89715 /* DetailsCell.xib */ = {isa = PBXFileReference; lastKnownFileType = file.xib; path = DetailsCell.xib; sourceTree = "<group>"; };
		B2EC7E3226CE1CE500A89715 /* DetailsTableView.swift */ = {isa = PBXFileReference; lastKnownFileType = sourcecode.swift; path = DetailsTableView.swift; sourceTree = "<group>"; };
		B2EC7E3526CE1CF300A89715 /* Details.storyboard */ = {isa = PBXFileReference; lastKnownFileType = file.storyboard; path = Details.storyboard; sourceTree = "<group>"; };
/* End PBXFileReference section */

/* Begin PBXFrameworksBuildPhase section */
		B2C9750C26CA24D200C2648B /* Frameworks */ = {
			isa = PBXFrameworksBuildPhase;
			buildActionMask = 2147483647;
			files = (
				B2C9753626CA260300C2648B /* Toast in Frameworks */,
				B2C9752E26CA259B00C2648B /* SDWebImage in Frameworks */,
				B2C9752A26CA255200C2648B /* Alamofire in Frameworks */,
				B2C9753226CA25DE00C2648B /* IQKeyboardManagerSwift in Frameworks */,
			);
			runOnlyForDeploymentPostprocessing = 0;
		};
/* End PBXFrameworksBuildPhase section */

/* Begin PBXGroup section */
		B2662ABC26CC3E3E0016F155 /* Header */ = {
			isa = PBXGroup;
			children = (
				B2D5278426CB80FC003DC0DD /* BrowseReusableView.swift */,
				B2D5278526CB80FC003DC0DD /* BrowseReusableView.xib */,
				B2662AC026CC3E6F0016F155 /* HeaderCollectionView */,
			);
			path = Header;
			sourceTree = "<group>";
		};
		B2662AC026CC3E6F0016F155 /* HeaderCollectionView */ = {
			isa = PBXGroup;
			children = (
				B2662AC126CC3F0F0016F155 /* BrowesHeaderHorizontalController.swift */,
				B2662AC526CC3F230016F155 /* cell */,
			);
			name = HeaderCollectionView;
			sourceTree = "<group>";
		};
		B2662AC526CC3F230016F155 /* cell */ = {
			isa = PBXGroup;
			children = (
				B2662ACC26CC3F7D0016F155 /* BrowseHeaderHorizontalCell.swift */,
				B2662ACD26CC3F7D0016F155 /* BrowseHeaderHorizontalCell.xib */,
			);
			path = cell;
			sourceTree = "<group>";
		};
		B2662AD226CC4A590016F155 /* TopSongs */ = {
			isa = PBXGroup;
			children = (
				B2662AD326CC4A660016F155 /* File.swift */,
			);
			path = TopSongs;
			sourceTree = "<group>";
		};
		B2662ADB26CC88C80016F155 /* Footer */ = {
			isa = PBXGroup;
			children = (
				B2662ADC26CC89040016F155 /* BrowseCell.swift */,
				B2662ADD26CC89040016F155 /* BrowseCell.xib */,
				B2662AE226CC89750016F155 /* FooterCollectionView */,
			);
			name = Footer;
			sourceTree = "<group>";
		};
		B2662AE226CC89750016F155 /* FooterCollectionView */ = {
			isa = PBXGroup;
			children = (
				B2662AE326CC89AD0016F155 /* BrowseFooterCollectionView.swift */,
				B2662AE626CC89DA0016F155 /* Cell */,
			);
			path = FooterCollectionView;
			sourceTree = "<group>";
		};
		B2662AE626CC89DA0016F155 /* Cell */ = {
			isa = PBXGroup;
			children = (
				B2662AE726CC89FA0016F155 /* BrowseFooterCell.swift */,
				B2662AE826CC89FA0016F155 /* BrowseFooterCell.xib */,
			);
			name = Cell;
			sourceTree = "<group>";
		};
		B2C9750626CA24D200C2648B = {
			isa = PBXGroup;
			children = (
				B2C9751126CA24D200C2648B /* Apple Music */,
				B2C9751026CA24D200C2648B /* Products */,
			);
			sourceTree = "<group>";
		};
		B2C9751026CA24D200C2648B /* Products */ = {
			isa = PBXGroup;
			children = (
				B2C9750F26CA24D200C2648B /* Apple Music.app */,
			);
			name = Products;
			sourceTree = "<group>";
		};
		B2C9751126CA24D200C2648B /* Apple Music */ = {
			isa = PBXGroup;
			children = (
				B2C9753826CA269B00C2648B /* Delegate */,
				B2C9755626CA27EF00C2648B /* NetworkManger */,
				B2C9755E26CA2A7F00C2648B /* Model */,
				B2C9753C26CA26E600C2648B /* Controllers */,
				B2C9753A26CA26CA00C2648B /* StoryBoard */,
				B2C9753B26CA26D900C2648B /* CustomViews */,
				B2C9754A26CA278A00C2648B /* Utilities */,
				B2C9753E26CA274D00C2648B /* Extension */,
				B2C9753926CA26B100C2648B /* Supporting */,
			);
			path = "Apple Music";
			sourceTree = "<group>";
		};
		B2C9753826CA269B00C2648B /* Delegate */ = {
			isa = PBXGroup;
			children = (
				B2C9751226CA24D200C2648B /* AppDelegate.swift */,
			);
			path = Delegate;
			sourceTree = "<group>";
		};
		B2C9753926CA26B100C2648B /* Supporting */ = {
			isa = PBXGroup;
			children = (
				B2C9751B26CA24D300C2648B /* Assets.xcassets */,
				B2C9751D26CA24D300C2648B /* LaunchScreen.storyboard */,
				B2C9752026CA24D300C2648B /* Info.plist */,
			);
			path = Supporting;
			sourceTree = "<group>";
		};
		B2C9753A26CA26CA00C2648B /* StoryBoard */ = {
			isa = PBXGroup;
			children = (
				B2C9751826CA24D200C2648B /* Main.storyboard */,
				B2150A0526CA32F100080F13 /* Browse.storyboard */,
				B2150A0826CA330900080F13 /* Search.storyboard */,
				B2EC7E3526CE1CF300A89715 /* Details.storyboard */,
			);
			path = StoryBoard;
			sourceTree = "<group>";
		};
		B2C9753B26CA26D900C2648B /* CustomViews */ = {
			isa = PBXGroup;
			children = (
				B2EC7E2B26CE1B5300A89715 /* DetailsCell */,
				B2D5278326CB80E5003DC0DD /* BrowseCell */,
			);
			name = CustomViews;
			sourceTree = "<group>";
		};
		B2C9753C26CA26E600C2648B /* Controllers */ = {
			isa = PBXGroup;
			children = (
				B2150A0126CA326500080F13 /* BrowseVC.swift */,
				B2C9751626CA24D200C2648B /* SearchVC.swift */,
				B2EC7E3226CE1CE500A89715 /* DetailsTableView.swift */,
			);
			path = Controllers;
			sourceTree = "<group>";
		};
		B2C9753E26CA274D00C2648B /* Extension */ = {
			isa = PBXGroup;
			children = (
				B2C9755726CA28AF00C2648B /* Helper+Ext.swift */,
				B2C9754226CA275800C2648B /* UIView.swift */,
			);
			name = Extension;
			sourceTree = "<group>";
		};
		B2C9754A26CA278A00C2648B /* Utilities */ = {
			isa = PBXGroup;
			children = (
				B2C9755226CA27DF00C2648B /* Constant.swift */,
				B2662AD726CC84260016F155 /* BetterSnappingLayout.swift */,
				B2C9754C26CA27A900C2648B /* ResoneError.swift */,
			);
			name = Utilities;
			sourceTree = "<group>";
		};
		B2C9755626CA27EF00C2648B /* NetworkManger */ = {
			isa = PBXGroup;
			children = (
				B2C9755B26CA28BE00C2648B /* NetworkManger.swift */,
			);
			name = NetworkManger;
			sourceTree = "<group>";
		};
		B2C9755E26CA2A7F00C2648B /* Model */ = {
			isa = PBXGroup;
			children = (
				B2662AD226CC4A590016F155 /* TopSongs */,
			);
			name = Model;
			sourceTree = "<group>";
		};
		B2D5278326CB80E5003DC0DD /* BrowseCell */ = {
			isa = PBXGroup;
			children = (
				B2662ABC26CC3E3E0016F155 /* Header */,
				B2662ADB26CC88C80016F155 /* Footer */,
			);
			path = BrowseCell;
			sourceTree = "<group>";
		};
		B2EC7E2B26CE1B5300A89715 /* DetailsCell */ = {
			isa = PBXGroup;
			children = (
				B2EC7E2C26CE1B7300A89715 /* DetailsCell.swift */,
				B2EC7E2D26CE1B7300A89715 /* DetailsCell.xib */,
			);
			name = DetailsCell;
			sourceTree = "<group>";
		};
/* End PBXGroup section */

/* Begin PBXNativeTarget section */
		B2C9750E26CA24D200C2648B /* Apple Music */ = {
			isa = PBXNativeTarget;
			buildConfigurationList = B2C9752326CA24D300C2648B /* Build configuration list for PBXNativeTarget "Apple Music" */;
			buildPhases = (
				B2C9750B26CA24D200C2648B /* Sources */,
				B2C9750C26CA24D200C2648B /* Frameworks */,
				B2C9750D26CA24D200C2648B /* Resources */,
			);
			buildRules = (
			);
			dependencies = (
			);
			name = "Apple Music";
			packageProductDependencies = (
				B2C9752926CA255200C2648B /* Alamofire */,
				B2C9752D26CA259B00C2648B /* SDWebImage */,
				B2C9753126CA25DE00C2648B /* IQKeyboardManagerSwift */,
				B2C9753526CA260300C2648B /* Toast */,
			);
			productName = "Apple Music";
			productReference = B2C9750F26CA24D200C2648B /* Apple Music.app */;
			productType = "com.apple.product-type.application";
		};
/* End PBXNativeTarget section */

/* Begin PBXProject section */
		B2C9750726CA24D200C2648B /* Project object */ = {
			isa = PBXProject;
			attributes = {
				LastSwiftUpdateCheck = 1240;
				LastUpgradeCheck = 1240;
				TargetAttributes = {
					B2C9750E26CA24D200C2648B = {
						CreatedOnToolsVersion = 12.4;
					};
				};
			};
			buildConfigurationList = B2C9750A26CA24D200C2648B /* Build configuration list for PBXProject "Apple Music" */;
			compatibilityVersion = "Xcode 9.3";
			developmentRegion = en;
			hasScannedForEncodings = 0;
			knownRegions = (
				en,
				Base,
			);
			mainGroup = B2C9750626CA24D200C2648B;
			packageReferences = (
				B2C9752826CA255200C2648B /* XCRemoteSwiftPackageReference "Alamofire" */,
				B2C9752C26CA259B00C2648B /* XCRemoteSwiftPackageReference "SDWebImage" */,
				B2C9753026CA25DE00C2648B /* XCRemoteSwiftPackageReference "IQKeyboardManager" */,
				B2C9753426CA260200C2648B /* XCRemoteSwiftPackageReference "Toast-Swift" */,
			);
			productRefGroup = B2C9751026CA24D200C2648B /* Products */;
			projectDirPath = "";
			projectRoot = "";
			targets = (
				B2C9750E26CA24D200C2648B /* Apple Music */,
			);
		};
/* End PBXProject section */

/* Begin PBXResourcesBuildPhase section */
		B2C9750D26CA24D200C2648B /* Resources */ = {
			isa = PBXResourcesBuildPhase;
			buildActionMask = 2147483647;
			files = (
				B2C9751F26CA24D300C2648B /* LaunchScreen.storyboard in Resources */,
				B2662ADF26CC89040016F155 /* BrowseCell.xib in Resources */,
				B2662ACF26CC3F7D0016F155 /* BrowseHeaderHorizontalCell.xib in Resources */,
				B2C9751C26CA24D300C2648B /* Assets.xcassets in Resources */,
				B2EC7E3626CE1CF300A89715 /* Details.storyboard in Resources */,
				B2150A0626CA32F100080F13 /* Browse.storyboard in Resources */,
				B2D5278726CB80FC003DC0DD /* BrowseReusableView.xib in Resources */,
				B2C9751A26CA24D200C2648B /* Main.storyboard in Resources */,
				B2662AEA26CC89FA0016F155 /* BrowseFooterCell.xib in Resources */,
				B2EC7E2F26CE1B7300A89715 /* DetailsCell.xib in Resources */,
				B2150A0A26CA330900080F13 /* Search.storyboard in Resources */,
			);
			runOnlyForDeploymentPostprocessing = 0;
		};
/* End PBXResourcesBuildPhase section */

/* Begin PBXSourcesBuildPhase section */
		B2C9750B26CA24D200C2648B /* Sources */ = {
			isa = PBXSourcesBuildPhase;
			buildActionMask = 2147483647;
			files = (
				B2C9755C26CA28BE00C2648B /* NetworkManger.swift in Sources */,
				B2EC7E2E26CE1B7300A89715 /* DetailsCell.swift in Sources */,
				B2662AC226CC3F0F0016F155 /* BrowesHeaderHorizontalController.swift in Sources */,
				B2C9751726CA24D200C2648B /* SearchVC.swift in Sources */,
				B2662AE426CC89AD0016F155 /* BrowseFooterCollectionView.swift in Sources */,
				B2EC7E3326CE1CE500A89715 /* DetailsTableView.swift in Sources */,
				B2C9755326CA27DF00C2648B /* Constant.swift in Sources */,
				B2662ACE26CC3F7D0016F155 /* BrowseHeaderHorizontalCell.swift in Sources */,
				B2C9754726CA275800C2648B /* UIView.swift in Sources */,
				B2662AD826CC84260016F155 /* BetterSnappingLayout.swift in Sources */,
				B2D5278626CB80FC003DC0DD /* BrowseReusableView.swift in Sources */,
				B2662AD426CC4A660016F155 /* File.swift in Sources */,
				B2C9754D26CA27A900C2648B /* ResoneError.swift in Sources */,
				B2150A0226CA326500080F13 /* BrowseVC.swift in Sources */,
				B2662ADE26CC89040016F155 /* BrowseCell.swift in Sources */,
				B2662AE926CC89FA0016F155 /* BrowseFooterCell.swift in Sources */,
				B2C9755826CA28AF00C2648B /* Helper+Ext.swift in Sources */,
				B2C9751326CA24D200C2648B /* AppDelegate.swift in Sources */,
			);
			runOnlyForDeploymentPostprocessing = 0;
		};
/* End PBXSourcesBuildPhase section */

/* Begin PBXVariantGroup section */
		B2150A0826CA330900080F13 /* Search.storyboard */ = {
			isa = PBXVariantGroup;
			children = (
				B2150A0926CA330900080F13 /* Base */,
			);
			name = Search.storyboard;
			sourceTree = "<group>";
		};
		B2C9751826CA24D200C2648B /* Main.storyboard */ = {
			isa = PBXVariantGroup;
			children = (
				B2C9751926CA24D200C2648B /* Base */,
			);
			name = Main.storyboard;
			sourceTree = "<group>";
		};
		B2C9751D26CA24D300C2648B /* LaunchScreen.storyboard */ = {
			isa = PBXVariantGroup;
			children = (
				B2C9751E26CA24D300C2648B /* Base */,
			);
			name = LaunchScreen.storyboard;
			sourceTree = "<group>";
		};
/* End PBXVariantGroup section */

/* Begin XCBuildConfiguration section */
		B2C9752126CA24D300C2648B /* Debug */ = {
			isa = XCBuildConfiguration;
			buildSettings = {
				ALWAYS_SEARCH_USER_PATHS = NO;
				CLANG_ANALYZER_NONNULL = YES;
				CLANG_ANALYZER_NUMBER_OBJECT_CONVERSION = YES_AGGRESSIVE;
				CLANG_CXX_LANGUAGE_STANDARD = "gnu++14";
				CLANG_CXX_LIBRARY = "libc++";
				CLANG_ENABLE_MODULES = YES;
				CLANG_ENABLE_OBJC_ARC = YES;
				CLANG_ENABLE_OBJC_WEAK = YES;
				CLANG_WARN_BLOCK_CAPTURE_AUTORELEASING = YES;
				CLANG_WARN_BOOL_CONVERSION = YES;
				CLANG_WARN_COMMA = YES;
				CLANG_WARN_CONSTANT_CONVERSION = YES;
				CLANG_WARN_DEPRECATED_OBJC_IMPLEMENTATIONS = YES;
				CLANG_WARN_DIRECT_OBJC_ISA_USAGE = YES_ERROR;
				CLANG_WARN_DOCUMENTATION_COMMENTS = YES;
				CLANG_WARN_EMPTY_BODY = YES;
				CLANG_WARN_ENUM_CONVERSION = YES;
				CLANG_WARN_INFINITE_RECURSION = YES;
				CLANG_WARN_INT_CONVERSION = YES;
				CLANG_WARN_NON_LITERAL_NULL_CONVERSION = YES;
				CLANG_WARN_OBJC_IMPLICIT_RETAIN_SELF = YES;
				CLANG_WARN_OBJC_LITERAL_CONVERSION = YES;
				CLANG_WARN_OBJC_ROOT_CLASS = YES_ERROR;
				CLANG_WARN_QUOTED_INCLUDE_IN_FRAMEWORK_HEADER = YES;
				CLANG_WARN_RANGE_LOOP_ANALYSIS = YES;
				CLANG_WARN_STRICT_PROTOTYPES = YES;
				CLANG_WARN_SUSPICIOUS_MOVE = YES;
				CLANG_WARN_UNGUARDED_AVAILABILITY = YES_AGGRESSIVE;
				CLANG_WARN_UNREACHABLE_CODE = YES;
				CLANG_WARN__DUPLICATE_METHOD_MATCH = YES;
				COPY_PHASE_STRIP = NO;
				DEBUG_INFORMATION_FORMAT = dwarf;
				ENABLE_STRICT_OBJC_MSGSEND = YES;
				ENABLE_TESTABILITY = YES;
				GCC_C_LANGUAGE_STANDARD = gnu11;
				GCC_DYNAMIC_NO_PIC = NO;
				GCC_NO_COMMON_BLOCKS = YES;
				GCC_OPTIMIZATION_LEVEL = 0;
				GCC_PREPROCESSOR_DEFINITIONS = (
					"DEBUG=1",
					"$(inherited)",
				);
				GCC_WARN_64_TO_32_BIT_CONVERSION = YES;
				GCC_WARN_ABOUT_RETURN_TYPE = YES_ERROR;
				GCC_WARN_UNDECLARED_SELECTOR = YES;
				GCC_WARN_UNINITIALIZED_AUTOS = YES_AGGRESSIVE;
				GCC_WARN_UNUSED_FUNCTION = YES;
				GCC_WARN_UNUSED_VARIABLE = YES;
				IPHONEOS_DEPLOYMENT_TARGET = 14.4;
				MTL_ENABLE_DEBUG_INFO = INCLUDE_SOURCE;
				MTL_FAST_MATH = YES;
				ONLY_ACTIVE_ARCH = YES;
				SDKROOT = iphoneos;
				SWIFT_ACTIVE_COMPILATION_CONDITIONS = DEBUG;
				SWIFT_OPTIMIZATION_LEVEL = "-Onone";
			};
			name = Debug;
		};
		B2C9752226CA24D300C2648B /* Release */ = {
			isa = XCBuildConfiguration;
			buildSettings = {
				ALWAYS_SEARCH_USER_PATHS = NO;
				CLANG_ANALYZER_NONNULL = YES;
				CLANG_ANALYZER_NUMBER_OBJECT_CONVERSION = YES_AGGRESSIVE;
				CLANG_CXX_LANGUAGE_STANDARD = "gnu++14";
				CLANG_CXX_LIBRARY = "libc++";
				CLANG_ENABLE_MODULES = YES;
				CLANG_ENABLE_OBJC_ARC = YES;
				CLANG_ENABLE_OBJC_WEAK = YES;
				CLANG_WARN_BLOCK_CAPTURE_AUTORELEASING = YES;
				CLANG_WARN_BOOL_CONVERSION = YES;
				CLANG_WARN_COMMA = YES;
				CLANG_WARN_CONSTANT_CONVERSION = YES;
				CLANG_WARN_DEPRECATED_OBJC_IMPLEMENTATIONS = YES;
				CLANG_WARN_DIRECT_OBJC_ISA_USAGE = YES_ERROR;
				CLANG_WARN_DOCUMENTATION_COMMENTS = YES;
				CLANG_WARN_EMPTY_BODY = YES;
				CLANG_WARN_ENUM_CONVERSION = YES;
				CLANG_WARN_INFINITE_RECURSION = YES;
				CLANG_WARN_INT_CONVERSION = YES;
				CLANG_WARN_NON_LITERAL_NULL_CONVERSION = YES;
				CLANG_WARN_OBJC_IMPLICIT_RETAIN_SELF = YES;
				CLANG_WARN_OBJC_LITERAL_CONVERSION = YES;
				CLANG_WARN_OBJC_ROOT_CLASS = YES_ERROR;
				CLANG_WARN_QUOTED_INCLUDE_IN_FRAMEWORK_HEADER = YES;
				CLANG_WARN_RANGE_LOOP_ANALYSIS = YES;
				CLANG_WARN_STRICT_PROTOTYPES = YES;
				CLANG_WARN_SUSPICIOUS_MOVE = YES;
				CLANG_WARN_UNGUARDED_AVAILABILITY = YES_AGGRESSIVE;
				CLANG_WARN_UNREACHABLE_CODE = YES;
				CLANG_WARN__DUPLICATE_METHOD_MATCH = YES;
				COPY_PHASE_STRIP = NO;
				DEBUG_INFORMATION_FORMAT = "dwarf-with-dsym";
				ENABLE_NS_ASSERTIONS = NO;
				ENABLE_STRICT_OBJC_MSGSEND = YES;
				GCC_C_LANGUAGE_STANDARD = gnu11;
				GCC_NO_COMMON_BLOCKS = YES;
				GCC_WARN_64_TO_32_BIT_CONVERSION = YES;
				GCC_WARN_ABOUT_RETURN_TYPE = YES_ERROR;
				GCC_WARN_UNDECLARED_SELECTOR = YES;
				GCC_WARN_UNINITIALIZED_AUTOS = YES_AGGRESSIVE;
				GCC_WARN_UNUSED_FUNCTION = YES;
				GCC_WARN_UNUSED_VARIABLE = YES;
				IPHONEOS_DEPLOYMENT_TARGET = 14.4;
				MTL_ENABLE_DEBUG_INFO = NO;
				MTL_FAST_MATH = YES;
				SDKROOT = iphoneos;
				SWIFT_COMPILATION_MODE = wholemodule;
				SWIFT_OPTIMIZATION_LEVEL = "-O";
				VALIDATE_PRODUCT = YES;
			};
			name = Release;
		};
		B2C9752426CA24D300C2648B /* Debug */ = {
			isa = XCBuildConfiguration;
			buildSettings = {
				ASSETCATALOG_COMPILER_APPICON_NAME = AppIcon;
				ASSETCATALOG_COMPILER_GLOBAL_ACCENT_COLOR_NAME = AccentColor;
				CODE_SIGN_STYLE = Automatic;
				DEVELOPMENT_TEAM = L5U6M2GDVA;
				INFOPLIST_FILE = "$(SRCROOT)/Apple Music/Supporting/Info.plist";
				LD_RUNPATH_SEARCH_PATHS = (
					"$(inherited)",
					"@executable_path/Frameworks",
				);
				PRODUCT_BUNDLE_IDENTIFIER = "HelleTomorrow.Apple-Music";
				PRODUCT_NAME = "$(TARGET_NAME)";
				SWIFT_VERSION = 5.0;
				TARGETED_DEVICE_FAMILY = 1;
			};
			name = Debug;
		};
		B2C9752526CA24D300C2648B /* Release */ = {
			isa = XCBuildConfiguration;
			buildSettings = {
				ASSETCATALOG_COMPILER_APPICON_NAME = AppIcon;
				ASSETCATALOG_COMPILER_GLOBAL_ACCENT_COLOR_NAME = AccentColor;
				CODE_SIGN_STYLE = Automatic;
				DEVELOPMENT_TEAM = L5U6M2GDVA;
				INFOPLIST_FILE = "$(SRCROOT)/Apple Music/Supporting/Info.plist";
				LD_RUNPATH_SEARCH_PATHS = (
					"$(inherited)",
					"@executable_path/Frameworks",
				);
				PRODUCT_BUNDLE_IDENTIFIER = "HelleTomorrow.Apple-Music";
				PRODUCT_NAME = "$(TARGET_NAME)";
				SWIFT_VERSION = 5.0;
				TARGETED_DEVICE_FAMILY = 1;
			};
			name = Release;
		};
/* End XCBuildConfiguration section */

/* Begin XCConfigurationList section */
		B2C9750A26CA24D200C2648B /* Build configuration list for PBXProject "Apple Music" */ = {
			isa = XCConfigurationList;
			buildConfigurations = (
				B2C9752126CA24D300C2648B /* Debug */,
				B2C9752226CA24D300C2648B /* Release */,
			);
			defaultConfigurationIsVisible = 0;
			defaultConfigurationName = Release;
		};
		B2C9752326CA24D300C2648B /* Build configuration list for PBXNativeTarget "Apple Music" */ = {
			isa = XCConfigurationList;
			buildConfigurations = (
				B2C9752426CA24D300C2648B /* Debug */,
				B2C9752526CA24D300C2648B /* Release */,
			);
			defaultConfigurationIsVisible = 0;
			defaultConfigurationName = Release;
		};
/* End XCConfigurationList section */

/* Begin XCRemoteSwiftPackageReference section */
		B2C9752826CA255200C2648B /* XCRemoteSwiftPackageReference "Alamofire" */ = {
			isa = XCRemoteSwiftPackageReference;
			repositoryURL = "https://github.com/Alamofire/Alamofire.git";
			requirement = {
				kind = upToNextMajorVersion;
				minimumVersion = 5.4.3;
			};
		};
		B2C9752C26CA259B00C2648B /* XCRemoteSwiftPackageReference "SDWebImage" */ = {
			isa = XCRemoteSwiftPackageReference;
			repositoryURL = "https://github.com/SDWebImage/SDWebImage";
			requirement = {
				kind = upToNextMajorVersion;
				minimumVersion = 5.11.1;
			};
		};
		B2C9753026CA25DE00C2648B /* XCRemoteSwiftPackageReference "IQKeyboardManager" */ = {
			isa = XCRemoteSwiftPackageReference;
			repositoryURL = "https://github.com/hackiftekhar/IQKeyboardManager";
			requirement = {
				kind = upToNextMajorVersion;
				minimumVersion = 6.5.6;
			};
		};
		B2C9753426CA260200C2648B /* XCRemoteSwiftPackageReference "Toast-Swift" */ = {
			isa = XCRemoteSwiftPackageReference;
			repositoryURL = "https://github.com/scalessec/Toast-Swift";
			requirement = {
				kind = upToNextMajorVersion;
				minimumVersion = 5.0.1;
			};
		};
/* End XCRemoteSwiftPackageReference section */

/* Begin XCSwiftPackageProductDependency section */
		B2C9752926CA255200C2648B /* Alamofire */ = {
			isa = XCSwiftPackageProductDependency;
			package = B2C9752826CA255200C2648B /* XCRemoteSwiftPackageReference "Alamofire" */;
			productName = Alamofire;
		};
		B2C9752D26CA259B00C2648B /* SDWebImage */ = {
			isa = XCSwiftPackageProductDependency;
			package = B2C9752C26CA259B00C2648B /* XCRemoteSwiftPackageReference "SDWebImage" */;
			productName = SDWebImage;
		};
		B2C9753126CA25DE00C2648B /* IQKeyboardManagerSwift */ = {
			isa = XCSwiftPackageProductDependency;
			package = B2C9753026CA25DE00C2648B /* XCRemoteSwiftPackageReference "IQKeyboardManager" */;
			productName = IQKeyboardManagerSwift;
		};
		B2C9753526CA260300C2648B /* Toast */ = {
			isa = XCSwiftPackageProductDependency;
			package = B2C9753426CA260200C2648B /* XCRemoteSwiftPackageReference "Toast-Swift" */;
			productName = Toast;
		};
/* End XCSwiftPackageProductDependency section */
	};
	rootObject = B2C9750726CA24D200C2648B /* Project object */;
}
